// !$*UTF8*$!
{
	archiveVersion = 1;
	classes = {
	};
	objectVersion = 46;
	objects = {

/* Begin PBXBuildFile section */
		8D518F0D1AEBBE300045330E /* AppDelegate.swift in Sources */ = {isa = PBXBuildFile; fileRef = 8D518F0C1AEBBE300045330E /* AppDelegate.swift */; };
		8D518F121AEBBE300045330E /* Main.storyboard in Resources */ = {isa = PBXBuildFile; fileRef = 8D518F101AEBBE300045330E /* Main.storyboard */; };
		8D518F141AEBBE300045330E /* Images.xcassets in Resources */ = {isa = PBXBuildFile; fileRef = 8D518F131AEBBE300045330E /* Images.xcassets */; };
		8D518F171AEBBE300045330E /* LaunchScreen.xib in Resources */ = {isa = PBXBuildFile; fileRef = 8D518F151AEBBE300045330E /* LaunchScreen.xib */; };
		8D518F231AEBBE310045330E /* KMGuiaTurTests.swift in Sources */ = {isa = PBXBuildFile; fileRef = 8D518F221AEBBE310045330E /* KMGuiaTurTests.swift */; };
		8D518F2D1AEBC74D0045330E /* KMGuiaTurTableViewController.swift in Sources */ = {isa = PBXBuildFile; fileRef = 8D518F2C1AEBC74D0045330E /* KMGuiaTurTableViewController.swift */; };
		8D518F2F1AEBC7670045330E /* KMGuiaTurMapaViewController.swift in Sources */ = {isa = PBXBuildFile; fileRef = 8D518F2E1AEBC7670045330E /* KMGuiaTurMapaViewController.swift */; };
		8D518F311AEBC7780045330E /* KMGuiaTurDetailViewController.swift in Sources */ = {isa = PBXBuildFile; fileRef = 8D518F301AEBC7780045330E /* KMGuiaTurDetailViewController.swift */; };
		8D518F341AEBC8A80045330E /* guiatur.xcdatamodeld in Sources */ = {isa = PBXBuildFile; fileRef = 8D518F321AEBC8A80045330E /* guiatur.xcdatamodeld */; };
		8D518F3E1AEBCD860045330E /* MapKit.framework in Frameworks */ = {isa = PBXBuildFile; fileRef = 8D518F3D1AEBCD860045330E /* MapKit.framework */; };
		8D518F401AEBD98F0045330E /* KMGuiaTurPersistence.swift in Sources */ = {isa = PBXBuildFile; fileRef = 8D518F3F1AEBD98E0045330E /* KMGuiaTurPersistence.swift */; };
		8D518F461AEBE79E0045330E /* Guiaturismo.swift in Sources */ = {isa = PBXBuildFile; fileRef = 8D518F451AEBE79E0045330E /* Guiaturismo.swift */; };
		8D518F481AEC235F0045330E /* KMGuiaTurAnnotation.swift in Sources */ = {isa = PBXBuildFile; fileRef = 8D518F471AEC235F0045330E /* KMGuiaTurAnnotation.swift */; };
/* End PBXBuildFile section */

/* Begin PBXContainerItemProxy section */
		8D518F1D1AEBBE310045330E /* PBXContainerItemProxy */ = {
			isa = PBXContainerItemProxy;
			containerPortal = 8D518EFF1AEBBE300045330E /* Project object */;
			proxyType = 1;
			remoteGlobalIDString = 8D518F061AEBBE300045330E;
			remoteInfo = KMGuiaTur;
		};
/* End PBXContainerItemProxy section */

/* Begin PBXFileReference section */
		8D518F071AEBBE300045330E /* KMGuiaTur.app */ = {isa = PBXFileReference; explicitFileType = wrapper.application; includeInIndex = 0; path = KMGuiaTur.app; sourceTree = BUILT_PRODUCTS_DIR; };
		8D518F0B1AEBBE300045330E /* Info.plist */ = {isa = PBXFileReference; lastKnownFileType = text.plist.xml; path = Info.plist; sourceTree = "<group>"; };
		8D518F0C1AEBBE300045330E /* AppDelegate.swift */ = {isa = PBXFileReference; lastKnownFileType = sourcecode.swift; path = AppDelegate.swift; sourceTree = "<group>"; };
		8D518F111AEBBE300045330E /* Base */ = {isa = PBXFileReference; lastKnownFileType = file.storyboard; name = Base; path = Base.lproj/Main.storyboard; sourceTree = "<group>"; };
		8D518F131AEBBE300045330E /* Images.xcassets */ = {isa = PBXFileReference; lastKnownFileType = folder.assetcatalog; path = Images.xcassets; sourceTree = "<group>"; };
		8D518F161AEBBE300045330E /* Base */ = {isa = PBXFileReference; lastKnownFileType = file.xib; name = Base; path = Base.lproj/LaunchScreen.xib; sourceTree = "<group>"; };
		8D518F1C1AEBBE310045330E /* KMGuiaTurTests.xctest */ = {isa = PBXFileReference; explicitFileType = wrapper.cfbundle; includeInIndex = 0; path = KMGuiaTurTests.xctest; sourceTree = BUILT_PRODUCTS_DIR; };
		8D518F211AEBBE310045330E /* Info.plist */ = {isa = PBXFileReference; lastKnownFileType = text.plist.xml; path = Info.plist; sourceTree = "<group>"; };
		8D518F221AEBBE310045330E /* KMGuiaTurTests.swift */ = {isa = PBXFileReference; lastKnownFileType = sourcecode.swift; path = KMGuiaTurTests.swift; sourceTree = "<group>"; };
		8D518F2C1AEBC74D0045330E /* KMGuiaTurTableViewController.swift */ = {isa = PBXFileReference; fileEncoding = 4; lastKnownFileType = sourcecode.swift; path = KMGuiaTurTableViewController.swift; sourceTree = "<group>"; };
		8D518F2E1AEBC7670045330E /* KMGuiaTurMapaViewController.swift */ = {isa = PBXFileReference; fileEncoding = 4; lastKnownFileType = sourcecode.swift; path = KMGuiaTurMapaViewController.swift; sourceTree = "<group>"; };
		8D518F301AEBC7780045330E /* KMGuiaTurDetailViewController.swift */ = {isa = PBXFileReference; fileEncoding = 4; lastKnownFileType = sourcecode.swift; path = KMGuiaTurDetailViewController.swift; sourceTree = "<group>"; };
		8D518F331AEBC8A80045330E /* guiatur.xcdatamodel */ = {isa = PBXFileReference; lastKnownFileType = wrapper.xcdatamodel; path = guiatur.xcdatamodel; sourceTree = "<group>"; };
		8D518F3D1AEBCD860045330E /* MapKit.framework */ = {isa = PBXFileReference; lastKnownFileType = wrapper.framework; name = MapKit.framework; path = System/Library/Frameworks/MapKit.framework; sourceTree = SDKROOT; };
		8D518F3F1AEBD98E0045330E /* KMGuiaTurPersistence.swift */ = {isa = PBXFileReference; fileEncoding = 4; lastKnownFileType = sourcecode.swift; path = KMGuiaTurPersistence.swift; sourceTree = "<group>"; };
		8D518F451AEBE79E0045330E /* Guiaturismo.swift */ = {isa = PBXFileReference; fileEncoding = 4; lastKnownFileType = sourcecode.swift; name = Guiaturismo.swift; path = ../Guiaturismo.swift; sourceTree = "<group>"; };
		8D518F471AEC235F0045330E /* KMGuiaTurAnnotation.swift */ = {isa = PBXFileReference; fileEncoding = 4; lastKnownFileType = sourcecode.swift; path = KMGuiaTurAnnotation.swift; sourceTree = "<group>"; };
/* End PBXFileReference section */

/* Begin PBXFrameworksBuildPhase section */
		8D518F041AEBBE300045330E /* Frameworks */ = {
			isa = PBXFrameworksBuildPhase;
			buildActionMask = 2147483647;
			files = (
				8D518F3E1AEBCD860045330E /* MapKit.framework in Frameworks */,
			);
			runOnlyForDeploymentPostprocessing = 0;
		};
		8D518F191AEBBE310045330E /* Frameworks */ = {
			isa = PBXFrameworksBuildPhase;
			buildActionMask = 2147483647;
			files = (
			);
			runOnlyForDeploymentPostprocessing = 0;
		};
/* End PBXFrameworksBuildPhase section */

/* Begin PBXGroup section */
		8D518EFE1AEBBE300045330E = {
			isa = PBXGroup;
			children = (
				8D518F3D1AEBCD860045330E /* MapKit.framework */,
				8D518F091AEBBE300045330E /* KMGuiaTur */,
				8D518F1F1AEBBE310045330E /* KMGuiaTurTests */,
				8D518F081AEBBE300045330E /* Products */,
			);
			sourceTree = "<group>";
		};
		8D518F081AEBBE300045330E /* Products */ = {
			isa = PBXGroup;
			children = (
				8D518F071AEBBE300045330E /* KMGuiaTur.app */,
				8D518F1C1AEBBE310045330E /* KMGuiaTurTests.xctest */,
			);
			name = Products;
			sourceTree = "<group>";
		};
		8D518F091AEBBE300045330E /* KMGuiaTur */ = {
			isa = PBXGroup;
			children = (
				8D518F451AEBE79E0045330E /* Guiaturismo.swift */,
				8D518F0C1AEBBE300045330E /* AppDelegate.swift */,
				8D518F471AEC235F0045330E /* KMGuiaTurAnnotation.swift */,
				8D518F3F1AEBD98E0045330E /* KMGuiaTurPersistence.swift */,
				8D518F2C1AEBC74D0045330E /* KMGuiaTurTableViewController.swift */,
				8D518F2E1AEBC7670045330E /* KMGuiaTurMapaViewController.swift */,
				8D518F301AEBC7780045330E /* KMGuiaTurDetailViewController.swift */,
				8D518F101AEBBE300045330E /* Main.storyboard */,
				8D518F131AEBBE300045330E /* Images.xcassets */,
				8D518F321AEBC8A80045330E /* guiatur.xcdatamodeld */,
				8D518F151AEBBE300045330E /* LaunchScreen.xib */,
				8D518F0A1AEBBE300045330E /* Supporting Files */,
			);
			path = KMGuiaTur;
			sourceTree = "<group>";
		};
		8D518F0A1AEBBE300045330E /* Supporting Files */ = {
			isa = PBXGroup;
			children = (
				8D518F0B1AEBBE300045330E /* Info.plist */,
			);
			name = "Supporting Files";
			sourceTree = "<group>";
		};
		8D518F1F1AEBBE310045330E /* KMGuiaTurTests */ = {
			isa = PBXGroup;
			children = (
				8D518F221AEBBE310045330E /* KMGuiaTurTests.swift */,
				8D518F201AEBBE310045330E /* Supporting Files */,
			);
			path = KMGuiaTurTests;
			sourceTree = "<group>";
		};
		8D518F201AEBBE310045330E /* Supporting Files */ = {
			isa = PBXGroup;
			children = (
				8D518F211AEBBE310045330E /* Info.plist */,
			);
			name = "Supporting Files";
			sourceTree = "<group>";
		};
/* End PBXGroup section */

/* Begin PBXNativeTarget section */
		8D518F061AEBBE300045330E /* KMGuiaTur */ = {
			isa = PBXNativeTarget;
			buildConfigurationList = 8D518F261AEBBE310045330E /* Build configuration list for PBXNativeTarget "KMGuiaTur" */;
			buildPhases = (
				8D518F031AEBBE300045330E /* Sources */,
				8D518F041AEBBE300045330E /* Frameworks */,
				8D518F051AEBBE300045330E /* Resources */,
			);
			buildRules = (
			);
			dependencies = (
			);
			name = KMGuiaTur;
			productName = KMGuiaTur;
			productReference = 8D518F071AEBBE300045330E /* KMGuiaTur.app */;
			productType = "com.apple.product-type.application";
		};
		8D518F1B1AEBBE310045330E /* KMGuiaTurTests */ = {
			isa = PBXNativeTarget;
			buildConfigurationList = 8D518F291AEBBE310045330E /* Build configuration list for PBXNativeTarget "KMGuiaTurTests" */;
			buildPhases = (
				8D518F181AEBBE310045330E /* Sources */,
				8D518F191AEBBE310045330E /* Frameworks */,
				8D518F1A1AEBBE310045330E /* Resources */,
			);
			buildRules = (
			);
			dependencies = (
				8D518F1E1AEBBE310045330E /* PBXTargetDependency */,
			);
			name = KMGuiaTurTests;
			productName = KMGuiaTurTests;
			productReference = 8D518F1C1AEBBE310045330E /* KMGuiaTurTests.xctest */;
			productType = "com.apple.product-type.bundle.unit-test";
		};
/* End PBXNativeTarget section */

/* Begin PBXProject section */
		8D518EFF1AEBBE300045330E /* Project object */ = {
			isa = PBXProject;
			attributes = {
				LastUpgradeCheck = 0630;
				ORGANIZATIONNAME = "Fellas Group";
				TargetAttributes = {
					8D518F061AEBBE300045330E = {
						CreatedOnToolsVersion = 6.3;
						SystemCapabilities = {
							com.apple.Maps.iOS = {
								enabled = 1;
							};
						};
					};
					8D518F1B1AEBBE310045330E = {
						CreatedOnToolsVersion = 6.3;
						TestTargetID = 8D518F061AEBBE300045330E;
					};
				};
			};
			buildConfigurationList = 8D518F021AEBBE300045330E /* Build configuration list for PBXProject "KMGuiaTur" */;
			compatibilityVersion = "Xcode 3.2";
			developmentRegion = English;
			hasScannedForEncodings = 0;
			knownRegions = (
				en,
				Base,
			);
			mainGroup = 8D518EFE1AEBBE300045330E;
			productRefGroup = 8D518F081AEBBE300045330E /* Products */;
			projectDirPath = "";
			projectRoot = "";
			targets = (
				8D518F061AEBBE300045330E /* KMGuiaTur */,
				8D518F1B1AEBBE310045330E /* KMGuiaTurTests */,
			);
		};
/* End PBXProject section */

/* Begin PBXResourcesBuildPhase section */
		8D518F051AEBBE300045330E /* Resources */ = {
			isa = PBXResourcesBuildPhase;
			buildActionMask = 2147483647;
			files = (
				8D518F121AEBBE300045330E /* Main.storyboard in Resources */,
				8D518F171AEBBE300045330E /* LaunchScreen.xib in Resources */,
				8D518F141AEBBE300045330E /* Images.xcassets in Resources */,
			);
			runOnlyForDeploymentPostprocessing = 0;
		};
		8D518F1A1AEBBE310045330E /* Resources */ = {
			isa = PBXResourcesBuildPhase;
			buildActionMask = 2147483647;
			files = (
			);
			runOnlyForDeploymentPostprocessing = 0;
		};
/* End PBXResourcesBuildPhase section */

/* Begin PBXSourcesBuildPhase section */
		8D518F031AEBBE300045330E /* Sources */ = {
			isa = PBXSourcesBuildPhase;
			buildActionMask = 2147483647;
			files = (
				8D518F481AEC235F0045330E /* KMGuiaTurAnnotation.swift in Sources */,
				8D518F0D1AEBBE300045330E /* AppDelegate.swift in Sources */,
				8D518F311AEBC7780045330E /* KMGuiaTurDetailViewController.swift in Sources */,
				8D518F341AEBC8A80045330E /* guiatur.xcdatamodeld in Sources */,
				8D518F2F1AEBC7670045330E /* KMGuiaTurMapaViewController.swift in Sources */,
				8D518F2D1AEBC74D0045330E /* KMGuiaTurTableViewController.swift in Sources */,
				8D518F461AEBE79E0045330E /* Guiaturismo.swift in Sources */,
				8D518F401AEBD98F0045330E /* KMGuiaTurPersistence.swift in Sources */,
			);
			runOnlyForDeploymentPostprocessing = 0;
		};
		8D518F181AEBBE310045330E /* Sources */ = {
			isa = PBXSourcesBuildPhase;
			buildActionMask = 2147483647;
			files = (
				8D518F231AEBBE310045330E /* KMGuiaTurTests.swift in Sources */,
			);
			runOnlyForDeploymentPostprocessing = 0;
		};
/* End PBXSourcesBuildPhase section */

/* Begin PBXTargetDependency section */
		8D518F1E1AEBBE310045330E /* PBXTargetDependency */ = {
			isa = PBXTargetDependency;
			target = 8D518F061AEBBE300045330E /* KMGuiaTur */;
			targetProxy = 8D518F1D1AEBBE310045330E /* PBXContainerItemProxy */;
		};
/* End PBXTargetDependency section */

/* Begin PBXVariantGroup section */
		8D518F101AEBBE300045330E /* Main.storyboard */ = {
			isa = PBXVariantGroup;
			children = (
				8D518F111AEBBE300045330E /* Base */,
			);
			name = Main.storyboard;
			sourceTree = "<group>";
		};
		8D518F151AEBBE300045330E /* LaunchScreen.xib */ = {
			isa = PBXVariantGroup;
			children = (
				8D518F161AEBBE300045330E /* Base */,
			);
			name = LaunchScreen.xib;
			sourceTree = "<group>";
		};
/* End PBXVariantGroup section */

/* Begin XCBuildConfiguration section */
		8D518F241AEBBE310045330E /* Debug */ = {
			isa = XCBuildConfiguration;
			buildSettings = {
				ALWAYS_SEARCH_USER_PATHS = NO;
				CLANG_CXX_LANGUAGE_STANDARD = "gnu++0x";
				CLANG_CXX_LIBRARY = "libc++";
				CLANG_ENABLE_MODULES = YES;
				CLANG_ENABLE_OBJC_ARC = YES;
				CLANG_WARN_BOOL_CONVERSION = YES;
				CLANG_WARN_CONSTANT_CONVERSION = YES;
				CLANG_WARN_DIRECT_OBJC_ISA_USAGE = YES_ERROR;
				CLANG_WARN_EMPTY_BODY = YES;
				CLANG_WARN_ENUM_CONVERSION = YES;
				CLANG_WARN_INT_CONVERSION = YES;
				CLANG_WARN_OBJC_ROOT_CLASS = YES_ERROR;
				CLANG_WARN_UNREACHABLE_CODE = YES;
				CLANG_WARN__DUPLICATE_METHOD_MATCH = YES;
				"CODE_SIGN_IDENTITY[sdk=iphoneos*]" = "iPhone Developer";
				COPY_PHASE_STRIP = NO;
				DEBUG_INFORMATION_FORMAT = "dwarf-with-dsym";
				ENABLE_STRICT_OBJC_MSGSEND = YES;
				GCC_C_LANGUAGE_STANDARD = gnu99;
				GCC_DYNAMIC_NO_PIC = NO;
				GCC_NO_COMMON_BLOCKS = YES;
				GCC_OPTIMIZATION_LEVEL = 0;
				GCC_PREPROCESSOR_DEFINITIONS = (
					"DEBUG=1",
					"$(inherited)",
				);
				GCC_SYMBOLS_PRIVATE_EXTERN = NO;
				GCC_WARN_64_TO_32_BIT_CONVERSION = YES;
				GCC_WARN_ABOUT_RETURN_TYPE = YES_ERROR;
				GCC_WARN_UNDECLARED_SELECTOR = YES;
				GCC_WARN_UNINITIALIZED_AUTOS = YES_AGGRESSIVE;
				GCC_WARN_UNUSED_FUNCTION = YES;
				GCC_WARN_UNUSED_VARIABLE = YES;
				IPHONEOS_DEPLOYMENT_TARGET = 8.3;
				MTL_ENABLE_DEBUG_INFO = YES;
				ONLY_ACTIVE_ARCH = YES;
				SDKROOT = iphoneos;
				SWIFT_OPTIMIZATION_LEVEL = "-Onone";
			};
			name = Debug;
		};
		8D518F251AEBBE310045330E /* Release */ = {
			isa = XCBuildConfiguration;
			buildSettings = {
				ALWAYS_SEARCH_USER_PATHS = NO;
				CLANG_CXX_LANGUAGE_STANDARD = "gnu++0x";
				CLANG_CXX_LIBRARY = "libc++";
				CLANG_ENABLE_MODULES = YES;
				CLANG_ENABLE_OBJC_ARC = YES;
				CLANG_WARN_BOOL_CONVERSION = YES;
				CLANG_WARN_CONSTANT_CONVERSION = YES;
				CLANG_WARN_DIRECT_OBJC_ISA_USAGE = YES_ERROR;
				CLANG_WARN_EMPTY_BODY = YES;
				CLANG_WARN_ENUM_CONVERSION = YES;
				CLANG_WARN_INT_CONVERSION = YES;
				CLANG_WARN_OBJC_ROOT_CLASS = YES_ERROR;
				CLANG_WARN_UNREACHABLE_CODE = YES;
				CLANG_WARN__DUPLICATE_METHOD_MATCH = YES;
				"CODE_SIGN_IDENTITY[sdk=iphoneos*]" = "iPhone Developer";
				COPY_PHASE_STRIP = NO;
				DEBUG_INFORMATION_FORMAT = "dwarf-with-dsym";
				ENABLE_NS_ASSERTIONS = NO;
				ENABLE_STRICT_OBJC_MSGSEND = YES;
				GCC_C_LANGUAGE_STANDARD = gnu99;
				GCC_NO_COMMON_BLOCKS = YES;
				GCC_WARN_64_TO_32_BIT_CONVERSION = YES;
				GCC_WARN_ABOUT_RETURN_TYPE = YES_ERROR;
				GCC_WARN_UNDECLARED_SELECTOR = YES;
				GCC_WARN_UNINITIALIZED_AUTOS = YES_AGGRESSIVE;
				GCC_WARN_UNUSED_FUNCTION = YES;
				GCC_WARN_UNUSED_VARIABLE = YES;
				IPHONEOS_DEPLOYMENT_TARGET = 8.3;
				MTL_ENABLE_DEBUG_INFO = NO;
				SDKROOT = iphoneos;
				VALIDATE_PRODUCT = YES;
			};
			name = Release;
		};
		8D518F271AEBBE310045330E /* Debug */ = {
			isa = XCBuildConfiguration;
			buildSettings = {
				ASSETCATALOG_COMPILER_APPICON_NAME = AppIcon;
				INFOPLIST_FILE = KMGuiaTur/Info.plist;
				LD_RUNPATH_SEARCH_PATHS = "$(inherited) @executable_path/Frameworks";
				PRODUCT_NAME = "$(TARGET_NAME)";
			};
			name = Debug;
		};
		8D518F281AEBBE310045330E /* Release */ = {
			isa = XCBuildConfiguration;
			buildSettings = {
				ASSETCATALOG_COMPILER_APPICON_NAME = AppIcon;
				INFOPLIST_FILE = KMGuiaTur/Info.plist;
				LD_RUNPATH_SEARCH_PATHS = "$(inherited) @executable_path/Frameworks";
				PRODUCT_NAME = "$(TARGET_NAME)";
			};
			name = Release;
		};
		8D518F2A1AEBBE310045330E /* Debug */ = {
			isa = XCBuildConfiguration;
			buildSettings = {
				BUNDLE_LOADER = "$(TEST_HOST)";
				FRAMEWORK_SEARCH_PATHS = (
					"$(SDKROOT)/Developer/Library/Frameworks",
					"$(inherited)",
				);
				GCC_PREPROCESSOR_DEFINITIONS = (
					"DEBUG=1",
					"$(inherited)",
				);
				INFOPLIST_FILE = KMGuiaTurTests/Info.plist;
				LD_RUNPATH_SEARCH_PATHS = "$(inherited) @executable_path/Frameworks @loader_path/Frameworks";
				PRODUCT_NAME = "$(TARGET_NAME)";
				TEST_HOST = "$(BUILT_PRODUCTS_DIR)/KMGuiaTur.app/KMGuiaTur";
			};
			name = Debug;
		};
		8D518F2B1AEBBE310045330E /* Release */ = {
			isa = XCBuildConfiguration;
			buildSettings = {
				BUNDLE_LOADER = "$(TEST_HOST)";
				FRAMEWORK_SEARCH_PATHS = (
					"$(SDKROOT)/Developer/Library/Frameworks",
					"$(inherited)",
				);
				INFOPLIST_FILE = KMGuiaTurTests/Info.plist;
				LD_RUNPATH_SEARCH_PATHS = "$(inherited) @executable_path/Frameworks @loader_path/Frameworks";
				PRODUCT_NAME = "$(TARGET_NAME)";
				TEST_HOST = "$(BUILT_PRODUCTS_DIR)/KMGuiaTur.app/KMGuiaTur";
			};
			name = Release;
		};
/* End XCBuildConfiguration section */

/* Begin XCConfigurationList section */
		8D518F021AEBBE300045330E /* Build configuration list for PBXProject "KMGuiaTur" */ = {
			isa = XCConfigurationList;
			buildConfigurations = (
				8D518F241AEBBE310045330E /* Debug */,
				8D518F251AEBBE310045330E /* Release */,
			);
			defaultConfigurationIsVisible = 0;
			defaultConfigurationName = Release;
		};
		8D518F261AEBBE310045330E /* Build configuration list for PBXNativeTarget "KMGuiaTur" */ = {
			isa = XCConfigurationList;
			buildConfigurations = (
				8D518F271AEBBE310045330E /* Debug */,
				8D518F281AEBBE310045330E /* Release */,
			);
			defaultConfigurationIsVisible = 0;
		};
		8D518F291AEBBE310045330E /* Build configuration list for PBXNativeTarget "KMGuiaTurTests" */ = {
			isa = XCConfigurationList;
			buildConfigurations = (
				8D518F2A1AEBBE310045330E /* Debug */,
				8D518F2B1AEBBE310045330E /* Release */,
			);
			defaultConfigurationIsVisible = 0;
		};
/* End XCConfigurationList section */

/* Begin XCVersionGroup section */
		8D518F321AEBC8A80045330E /* guiatur.xcdatamodeld */ = {
			isa = XCVersionGroup;
			children = (
				8D518F331AEBC8A80045330E /* guiatur.xcdatamodel */,
			);
			currentVersion = 8D518F331AEBC8A80045330E /* guiatur.xcdatamodel */;
			path = guiatur.xcdatamodeld;
			sourceTree = "<group>";
			versionGroupType = wrapper.xcdatamodel;
		};
/* End XCVersionGroup section */
	};
	rootObject = 8D518EFF1AEBBE300045330E /* Project object */;
}
